# This file is automatically @generated by Cargo.
# It is not intended for manual editing.
version = 3

[[package]]
name = "event_loop_example"
version = "0.1.0"
dependencies = [
 "motion",
]

[[package]]
name = "motion"
version = "0.1.1"
source = "registry+https://github.com/rust-lang/crates.io-index"
checksum = "01ad54e1f417c3110eb7f8cd6dd5b96e3c87136b7441b96fa7c796e30fcdb735"
